{
  "name": "@cluic/codex-remote-proxy",
  "version": "0.1.1",
  "lockfileVersion": 3,
  "requires": true,
  "packages": {
    "": {
      "name": "@cluic/codex-remote-proxy",
      "version": "0.1.1",
      "dependencies": {
        "fzstd": "^0.1.1"
      },
      "bin": {
        "crp": "bin/crp.mjs"
      },
      "engines": {
        "node": ">=20"
      }
    },
    "node_modules/fzstd": {
      "version": "0.1.1",
      "resolved": "https://registry.npmmirror.com/fzstd/-/fzstd-0.1.1.tgz",
      "integrity": "sha512-dkuVSOKKwh3eas5VkJy1AW1vFpet8TA/fGmVA5krThl8YcOVE/8ZIoEA1+U1vEn5ckxxhLirSdY837azmbaNHA==",
      "license": "MIT"
    }
  }
}
